
Microsoft Visual Studio Solution File, Format Version 12.00
# Visual Studio 2013
VisualStudioVersion = 12.0.31101.0
MinimumVisualStudioVersion = 10.0.40219.1
Project("{FAE04EC0-301F-11D3-BF4B-00C04F79EFBC}") = "SpaceEngineersScriptCompiler.Library.Tests", "SpaceEngineersScriptCompiler.Library.Tests\SpaceEngineersScriptCompiler.Library.Tests.csproj", "{2EF0950D-7C2B-4264-A4A4-68980470DA64}"
EndProject
Project("{FAE04EC0-301F-11D3-BF4B-00C04F79EFBC}") = "SpaceEngineersScriptCompiler.Library", "SpaceEngineersScriptCompiler.Library\SpaceEngineersScriptCompiler.Library.csproj", "{FABDDCE8-1BA7-4317-957D-309972A32E66}"
EndProject
Project("{2150E333-8FDC-42A3-9474-1A3956D46DE8}") = ".nuget", ".nuget", "{6655A571-4A92-4578-825B-FC66B489E8DE}"
	ProjectSection(SolutionItems) = preProject
		.nuget\NuGet.Config = .nuget\NuGet.Config
		.nuget\NuGet.exe = .nuget\NuGet.exe
		.nuget\NuGet.targets = .nuget\NuGet.targets
	EndProjectSection
EndProject
Project("{2150E333-8FDC-42A3-9474-1A3956D46DE8}") = "Solution Items", "Solution Items", "{9CD41787-BE0B-4D6F-8AA5-A381202CE154}"
	ProjectSection(SolutionItems) = preProject
		.travis.yml = .travis.yml
	EndProjectSection
EndProject
Project("{FAE04EC0-301F-11D3-BF4B-00C04F79EFBC}") = "SpaceEngineersScriptCompiler", "SpaceEngineersScriptCompiler\SpaceEngineersScriptCompiler.csproj", "{49DBC548-CFDF-4085-94F1-4111895491F9}"
EndProject
Global
	GlobalSection(SolutionConfigurationPlatforms) = preSolution
		Debug|Any CPU = Debug|Any CPU
		Release|Any CPU = Release|Any CPU
	EndGlobalSection
	GlobalSection(ProjectConfigurationPlatforms) = postSolution
		{2EF0950D-7C2B-4264-A4A4-68980470DA64}.Debug|Any CPU.ActiveCfg = Debug|Any CPU
		{2EF0950D-7C2B-4264-A4A4-68980470DA64}.Debug|Any CPU.Build.0 = Debug|Any CPU
		{2EF0950D-7C2B-4264-A4A4-68980470DA64}.Release|Any CPU.ActiveCfg = Release|Any CPU
		{2EF0950D-7C2B-4264-A4A4-68980470DA64}.Release|Any CPU.Build.0 = Release|Any CPU
		{FABDDCE8-1BA7-4317-957D-309972A32E66}.Debug|Any CPU.ActiveCfg = Debug|Any CPU
		{FABDDCE8-1BA7-4317-957D-309972A32E66}.Debug|Any CPU.Build.0 = Debug|Any CPU
		{FABDDCE8-1BA7-4317-957D-309972A32E66}.Release|Any CPU.ActiveCfg = Release|Any CPU
		{FABDDCE8-1BA7-4317-957D-309972A32E66}.Release|Any CPU.Build.0 = Release|Any CPU
		{49DBC548-CFDF-4085-94F1-4111895491F9}.Debug|Any CPU.ActiveCfg = Debug|Any CPU
		{49DBC548-CFDF-4085-94F1-4111895491F9}.Debug|Any CPU.Build.0 = Debug|Any CPU
		{49DBC548-CFDF-4085-94F1-4111895491F9}.Release|Any CPU.ActiveCfg = Release|Any CPU
		{49DBC548-CFDF-4085-94F1-4111895491F9}.Release|Any CPU.Build.0 = Release|Any CPU
	EndGlobalSection
	GlobalSection(SolutionProperties) = preSolution
		HideSolutionNode = FALSE
	EndGlobalSection
EndGlobal
